
Microsoft Visual Studio Solution File, Format Version 12.00
# Visual Studio Version 17
VisualStudioVersion = 17.4.33213.308
MinimumVisualStudioVersion = 10.0.40219.1
Project("{FAE04EC0-301F-11D3-BF4B-00C04F79EFBC}") = "HackWofj", "HackWofj\HackWofj.csproj", "{08EBBBC1-2AF4-4A7E-B34B-2866D02BE188}"
EndProject
Global
	GlobalSection(SolutionConfigurationPlatforms) = preSolution
		Debug|Any CPU = Debug|Any CPU
		Release|Any CPU = Release|Any CPU
	EndGlobalSection
	GlobalSection(ProjectConfigurationPlatforms) = postSolution
		{08EBBBC1-2AF4-4A7E-B34B-2866D02BE188}.Debug|Any CPU.ActiveCfg = Debug|Any CPU
		{08EBBBC1-2AF4-4A7E-B34B-2866D02BE188}.Debug|Any CPU.Build.0 = Debug|Any CPU
		{08EBBBC1-2AF4-4A7E-B34B-2866D02BE188}.Release|Any CPU.ActiveCfg = Release|Any CPU
		{08EBBBC1-2AF4-4A7E-B34B-2866D02BE188}.Release|Any CPU.Build.0 = Release|Any CPU
	EndGlobalSection
	GlobalSection(SolutionProperties) = preSolution
		HideSolutionNode = FALSE
	EndGlobalSection
	GlobalSection(ExtensibilityGlobals) = postSolution
		SolutionGuid = {AD7D79A6-E88F-4DD3-8DBC-A725FBBCD33F}
	EndGlobalSection
EndGlobal
